{
  "pins" : [
    {
      "identity" : "moneykit-ios",
      "kind" : "remoteSourceControl",
      "location" : "https://github.com/moneykit/moneykit-ios.git",
      "state" : {
        "revision" : "c22cc670cdc23f9bb0c7003fb8ecccd7ee4388d9",
        "version" : "1.5.0"
      }
    }
  ],
  "version" : 2
}
