{
  "pins" : [
    {
      "identity" : "moneykit-ios",
      "kind" : "remoteSourceControl",
      "location" : "https://github.com/moneykit/moneykit-ios.git",
      "state" : {
        "revision" : "66bd0cb972c9605673b649d4f8a83fdebac6e9be",
        "version" : "1.1.4"
      }
    }
  ],
  "version" : 2
}
