version = 1
revision = 3
requires-python = ">=3.11"

[[package]]
name = "annotated-types"
version = "0.6.0"
source = { registry = "https://pypi.org/simple" }
sdist = { url = "https://files.pythonhosted.org/packages/67/fe/8c7b275824c6d2cd17c93ee85d0ee81c090285b6d52f4876ccc47cf9c3c4/annotated_types-0.6.0.tar.gz", hash = "sha256:563339e807e53ffd9c267e99fc6d9ea23eb8443c08f112651963e24e22f84a5d", size = 14670, upload-time = "2023-10-06T18:53:19.389Z" }
wheels = [
    { url = "https://files.pythonhosted.org/packages/28/78/d31230046e58c207284c6b2c4e8d96e6d3cb4e52354721b944d3e1ee4aa5/annotated_types-0.6.0-py3-none-any.whl", hash = "sha256:0641064de18ba7a25dee8f96403ebc39113d0cb953a01429249d5c7564666a43", size = 12360, upload-time = "2023-10-06T18:53:18.027Z" },
]

[[package]]
name = "cache-transactions"
version = "0.1.0"
source = { editable = "." }
dependencies = [
    { name = "moneykit" },
    { name = "psycopg2-binary" },
    { name = "python-dotenv" },
    { name = "rich" },
    { name = "sqlalchemy" },
    { name = "typer" },
]

[package.dev-dependencies]
dev = [
    { name = "ruff" },
]

[package.metadata]
requires-dist = [
    { name = "moneykit", specifier = ">=0.2.3" },
    { name = "psycopg2-binary", specifier = ">=2.9.9" },
    { name = "python-dotenv", specifier = ">=1.0.0" },
    { name = "rich", specifier = ">=13.7.0" },
    { name = "sqlalchemy", specifier = ">=2.0.23" },
    { name = "typer", specifier = ">=0.9.0" },
]

[package.metadata.requires-dev]
dev = [{ name = "ruff", specifier = ">=0.1.7,<0.2" }]

[[package]]
name = "click"
version = "8.1.7"
source = { registry = "https://pypi.org/simple" }
dependencies = [
    { name = "colorama", marker = "sys_platform == 'win32'" },
]
sdist = { url = "https://files.pythonhosted.org/packages/96/d3/f04c7bfcf5c1862a2a5b845c6b2b360488cf47af55dfa79c98f6a6bf98b5/click-8.1.7.tar.gz", hash = "sha256:ca9853ad459e787e2192211578cc907e7594e294c7ccc834310722b41b9ca6de", size = 336121, upload-time = "2023-08-17T17:29:11.868Z" }
wheels = [
    { url = "https://files.pythonhosted.org/packages/00/2e/d53fa4befbf2cfa713304affc7ca780ce4fc1fd8710527771b58311a3229/click-8.1.7-py3-none-any.whl", hash = "sha256:ae74fb96c20a0277a1d615f1e4d73c8414f5a98db8b799a7931d1582f3390c28", size = 97941, upload-time = "2023-08-17T17:29:10.08Z" },
]

[[package]]
name = "colorama"
version = "0.4.6"
source = { registry = "https://pypi.org/simple" }
sdist = { url = "https://files.pythonhosted.org/packages/d8/53/6f443c9a4a8358a93a6792e2acffb9d9d5cb0a5cfd8802644b7b1c9a02e4/colorama-0.4.6.tar.gz", hash = "sha256:08695f5cb7ed6e0531a20572697297273c47b8cae5a63ffc6d6ed5c201be6e44", size = 27697, upload-time = "2022-10-25T02:36:22.414Z" }
wheels = [
    { url = "https://files.pythonhosted.org/packages/d1/d6/3965ed04c63042e047cb6a3e6ed1a63a35087b6a609aa3a15ed8ac56c221/colorama-0.4.6-py2.py3-none-any.whl", hash = "sha256:4f1d9991f5acc0ca119f9d443620b77f9d6b33703e51011c16baf57afb285fc6", size = 25335, upload-time = "2022-10-25T02:36:20.889Z" },
]

[[package]]
name = "greenlet"
version = "3.0.1"
source = { registry = "https://pypi.org/simple" }
sdist = { url = "https://files.pythonhosted.org/packages/54/df/718c9b3e90edba70fa919bb3aaa5c3c8dabf3a8252ad1e93d33c348e5ca4/greenlet-3.0.1.tar.gz", hash = "sha256:816bd9488a94cba78d93e1abb58000e8266fa9cc2aa9ccdd6eb0696acb24005b", size = 174825, upload-time = "2023-10-25T12:10:12.48Z" }
wheels = [
    { url = "https://files.pythonhosted.org/packages/3b/20/da6746e1efbb114740b6e1671ee0d35a5ff39e49f6a1c169e8328d47b7c8/greenlet-3.0.1-cp311-cp311-macosx_10_9_universal2.whl", hash = "sha256:f7bfb769f7efa0eefcd039dd19d843a4fbfbac52f1878b1da2ed5793ec9b1a65", size = 263133, upload-time = "2023-10-25T12:12:47.11Z" },
    { url = "https://files.pythonhosted.org/packages/42/85/32e38abd5f046d56c9ff762c66ddd763cee17daccefa6f22fdae7f7e6472/greenlet-3.0.1-cp311-cp311-manylinux_2_17_aarch64.manylinux2014_aarch64.whl", hash = "sha256:91e6c7db42638dc45cf2e13c73be16bf83179f7859b07cfc139518941320be96", size = 653762, upload-time = "2023-10-25T12:17:02.941Z" },
    { url = "https://files.pythonhosted.org/packages/b1/62/1501a7dd0ac305a3f2c4d5ac9e526a71e96070cb1c27a6d2d7fd11c65d38/greenlet-3.0.1-cp311-cp311-manylinux_2_17_ppc64le.manylinux2014_ppc64le.whl", hash = "sha256:1757936efea16e3f03db20efd0cd50a1c86b06734f9f7338a90c4ba85ec2ad5a", size = 670121, upload-time = "2023-10-25T12:19:02.967Z" },
    { url = "https://files.pythonhosted.org/packages/3e/87/88d45172c2fe19052d782bf616ce5a2a92604823320b7cd59ea2dd9ad41d/greenlet-3.0.1-cp311-cp311-manylinux_2_17_s390x.manylinux2014_s390x.whl", hash = "sha256:19075157a10055759066854a973b3d1325d964d498a805bb68a1f9af4aaef8ec", size = 660986, upload-time = "2023-10-25T12:13:29.012Z" },
    { url = "https://files.pythonhosted.org/packages/b7/c1/bf937378fd918599a3b51f55bf049e5df59eac6557380a30f3e78da56b7e/greenlet-3.0.1-cp311-cp311-manylinux_2_17_x86_64.manylinux2014_x86_64.whl", hash = "sha256:e9d21aaa84557d64209af04ff48e0ad5e28c5cca67ce43444e939579d085da72", size = 664062, upload-time = "2023-10-25T11:50:31.01Z" },
    { url = "https://files.pythonhosted.org/packages/5b/ee/3b61723db7690e1168f4ed1af98ea595bcc843c6221d13846d6cc390b2cb/greenlet-3.0.1-cp311-cp311-manylinux_2_24_x86_64.manylinux_2_28_x86_64.whl", hash = "sha256:2847e5d7beedb8d614186962c3d774d40d3374d580d2cbdab7f184580a39d234", size = 616654, upload-time = "2023-10-25T11:50:34.361Z" },
    { url = "https://files.pythonhosted.org/packages/6b/bd/033343cf60d27702d3be9edba9dbc8392594e6c4a6eede337dbb40e0c4b2/greenlet-3.0.1-cp311-cp311-musllinux_1_1_aarch64.whl", hash = "sha256:97e7ac860d64e2dcba5c5944cfc8fa9ea185cd84061c623536154d5a89237884", size = 1150093, upload-time = "2023-10-25T12:11:35.975Z" },
    { url = "https://files.pythonhosted.org/packages/ce/76/257d50829841cb13b163764cdef35197c8a0bd351ad94fc05795ca28fb21/greenlet-3.0.1-cp311-cp311-musllinux_1_1_x86_64.whl", hash = "sha256:b2c02d2ad98116e914d4f3155ffc905fd0c025d901ead3f6ed07385e19122c94", size = 1178159, upload-time = "2023-10-25T11:51:30.229Z" },
    { url = "https://files.pythonhosted.org/packages/07/e2/91bf652b49f4a7cce91c63e4fe0da518153a52e5f33660f76f971c50ad0e/greenlet-3.0.1-cp311-cp311-win_amd64.whl", hash = "sha256:22f79120a24aeeae2b4471c711dcf4f8c736a2bb2fabad2a67ac9a55ea72523c", size = 288398, upload-time = "2023-10-25T12:47:20.641Z" },
    { url = "https://files.pythonhosted.org/packages/ff/84/08e7e5b1d44772b6ea7e0b98ec7e8504a15d5ec8f32cdb89577afdb0c23b/greenlet-3.0.1-cp312-cp312-macosx_10_9_universal2.whl", hash = "sha256:100f78a29707ca1525ea47388cec8a049405147719f47ebf3895e7509c6446aa", size = 263972, upload-time = "2023-10-25T12:12:48.967Z" },
    { url = "https://files.pythonhosted.org/packages/ec/e4/ccd3e98a227154d370facbb147eb54ed91cc113e362c66de89e2127bae4f/greenlet-3.0.1-cp312-cp312-manylinux_2_17_aarch64.manylinux2014_aarch64.whl", hash = "sha256:60d5772e8195f4e9ebf74046a9121bbb90090f6550f81d8956a05387ba139353", size = 655529, upload-time = "2023-10-25T12:17:05.471Z" },
    { url = "https://files.pythonhosted.org/packages/73/10/dbed72dde668f65e14d53bc82ead548c77cab072ed87aed5b3a65c311859/greenlet-3.0.1-cp312-cp312-manylinux_2_17_ppc64le.manylinux2014_ppc64le.whl", hash = "sha256:daa7197b43c707462f06d2c693ffdbb5991cbb8b80b5b984007de431493a319c", size = 671065, upload-time = "2023-10-25T12:19:04.983Z" },
    { url = "https://files.pythonhosted.org/packages/42/9a/43296ec8df72087986de68f17740f7bbd87ec636187e788aeaf42923aa3c/greenlet-3.0.1-cp312-cp312-manylinux_2_17_s390x.manylinux2014_s390x.whl", hash = "sha256:ea6b8aa9e08eea388c5f7a276fabb1d4b6b9d6e4ceb12cc477c3d352001768a9", size = 667358, upload-time = "2023-10-25T12:13:31.423Z" },
    { url = "https://files.pythonhosted.org/packages/c6/c9/b420a38f36723716386f8cd1b0fe0423697c7358c8b5a4bfb1e96153ec80/greenlet-3.0.1-cp312-cp312-manylinux_2_17_x86_64.manylinux2014_x86_64.whl", hash = "sha256:8d11ebbd679e927593978aa44c10fc2092bc454b7d13fdc958d3e9d508aba7d0", size = 665686, upload-time = "2023-10-25T11:50:33.229Z" },
    { url = "https://files.pythonhosted.org/packages/72/2e/af8a579a8420886d345a26b171275e3f33d0e9a5a5379400aabb55ddad35/greenlet-3.0.1-cp312-cp312-manylinux_2_24_x86_64.manylinux_2_28_x86_64.whl", hash = "sha256:dbd4c177afb8a8d9ba348d925b0b67246147af806f0b104af4d24f144d461cd5", size = 620797, upload-time = "2023-10-25T11:50:37.076Z" },
    { url = "https://files.pythonhosted.org/packages/ea/c7/56afa98869fc4d927890ccdbc9c57fa66f0e02a3c0860271d36ab1567357/greenlet-3.0.1-cp312-cp312-musllinux_1_1_aarch64.whl", hash = "sha256:20107edf7c2c3644c67c12205dc60b1bb11d26b2610b276f97d666110d1b511d", size = 1149650, upload-time = "2023-10-25T12:11:38.191Z" },
    { url = "https://files.pythonhosted.org/packages/1c/c8/a2cef8f16e5a05fa9ee1f31ad2ed99d59a656fab8e753e377467aafe6761/greenlet-3.0.1-cp312-cp312-musllinux_1_1_x86_64.whl", hash = "sha256:8bef097455dea90ffe855286926ae02d8faa335ed8e4067326257cb571fc1445", size = 1177900, upload-time = "2023-10-25T11:51:32.603Z" },
    { url = "https://files.pythonhosted.org/packages/f0/cb/897fcbd1359e50cd6bdd7f7aa5da57cd0c7eeb5d97cb59c7bafc6f8c9cdf/greenlet-3.0.1-cp312-cp312-win_amd64.whl", hash = "sha256:b2d3337dcfaa99698aa2377c81c9ca72fcd89c07e7eb62ece3f23a3fe89b2ce4", size = 288710, upload-time = "2023-10-25T12:43:52.936Z" },
]

[[package]]
name = "markdown-it-py"
version = "3.0.0"
source = { registry = "https://pypi.org/simple" }
dependencies = [
    { name = "mdurl" },
]
sdist = { url = "https://files.pythonhosted.org/packages/38/71/3b932df36c1a044d397a1f92d1cf91ee0a503d91e470cbd670aa66b07ed0/markdown-it-py-3.0.0.tar.gz", hash = "sha256:e3f60a94fa066dc52ec76661e37c851cb232d92f9886b15cb560aaada2df8feb", size = 74596, upload-time = "2023-06-03T06:41:14.443Z" }
wheels = [
    { url = "https://files.pythonhosted.org/packages/42/d7/1ec15b46af6af88f19b8e5ffea08fa375d433c998b8a7639e76935c14f1f/markdown_it_py-3.0.0-py3-none-any.whl", hash = "sha256:355216845c60bd96232cd8d8c40e8f9765cc86f46880e43a8fd22dc1a1a8cab1", size = 87528, upload-time = "2023-06-03T06:41:11.019Z" },
]

[[package]]
name = "mdurl"
version = "0.1.2"
source = { registry = "https://pypi.org/simple" }
sdist = { url = "https://files.pythonhosted.org/packages/d6/54/cfe61301667036ec958cb99bd3efefba235e65cdeb9c84d24a8293ba1d90/mdurl-0.1.2.tar.gz", hash = "sha256:bb413d29f5eea38f31dd4754dd7377d4465116fb207585f97bf925588687c1ba", size = 8729, upload-time = "2022-08-14T12:40:10.846Z" }
wheels = [
    { url = "https://files.pythonhosted.org/packages/b3/38/89ba8ad64ae25be8de66a6d463314cf1eb366222074cfda9ee839c56a4b4/mdurl-0.1.2-py3-none-any.whl", hash = "sha256:84008a41e51615a49fc9966191ff91509e3c40b939176e643fd50a5c2196b8f8", size = 9979, upload-time = "2022-08-14T12:40:09.779Z" },
]

[[package]]
name = "moneykit"
version = "0.2.3"
source = { registry = "https://pypi.org/simple" }
dependencies = [
    { name = "pydantic" },
    { name = "python-dateutil" },
    { name = "typing-extensions" },
    { name = "urllib3" },
]
sdist = { url = "https://files.pythonhosted.org/packages/4f/f1/af83891fbd1cd6b040e5c6233bee9ec1307b83150052d5afa5ad2be75d07/moneykit-0.2.3.tar.gz", hash = "sha256:6a89df268217513439a7412730db93df549c577e6414c1bb1011b7f628bba7fc", size = 107131, upload-time = "2025-05-06T16:31:12.451Z" }
wheels = [
    { url = "https://files.pythonhosted.org/packages/2f/cb/a804a5ab28f9930a3a84a20d94e0ccdc197f7214995250cc1602527f5794/moneykit-0.2.3-py3-none-any.whl", hash = "sha256:7399a627dab90fe7e77c528cf435370f9320fb08d89f8c27d25e2ab20f369f40", size = 273259, upload-time = "2025-05-06T16:31:10.839Z" },
]

[[package]]
name = "psycopg2-binary"
version = "2.9.9"
source = { registry = "https://pypi.org/simple" }
sdist = { url = "https://files.pythonhosted.org/packages/fc/07/e720e53bfab016ebcc34241695ccc06a9e3d91ba19b40ca81317afbdc440/psycopg2-binary-2.9.9.tar.gz", hash = "sha256:7f01846810177d829c7692f1f5ada8096762d9172af1b1a28d4ab5b77c923c1c", size = 384973, upload-time = "2023-10-03T12:48:55.128Z" }
wheels = [
    { url = "https://files.pythonhosted.org/packages/a5/ac/702d300f3df169b9d0cbef0340d9f34a78bc18dc2dbafbcb39ff0f165cf8/psycopg2_binary-2.9.9-cp311-cp311-macosx_10_9_x86_64.whl", hash = "sha256:ee825e70b1a209475622f7f7b776785bd68f34af6e7a46e2e42f27b659b5bc26", size = 2822581, upload-time = "2023-10-03T12:46:30.64Z" },
    { url = "https://files.pythonhosted.org/packages/7a/1f/a6cf0cdf944253f7c45d90fbc876cc8bed5cc9942349306245715c0d88d6/psycopg2_binary-2.9.9-cp311-cp311-macosx_11_0_arm64.whl", hash = "sha256:1ea665f8ce695bcc37a90ee52de7a7980be5161375d42a0b6c6abedbf0d81f0f", size = 2552633, upload-time = "2023-10-03T12:46:32.808Z" },
    { url = "https://files.pythonhosted.org/packages/81/0b/3adf561107c865928455891156d1dde5325253f7f4316fe56cd2c3f73570/psycopg2_binary-2.9.9-cp311-cp311-manylinux_2_17_aarch64.manylinux2014_aarch64.whl", hash = "sha256:143072318f793f53819048fdfe30c321890af0c3ec7cb1dfc9cc87aa88241de2", size = 2851075, upload-time = "2023-10-03T12:46:35.138Z" },
    { url = "https://files.pythonhosted.org/packages/f7/98/c2fedcbf0a9607519a010dcf88571138b2251062dbde3610cdba5ba1eee1/psycopg2_binary-2.9.9-cp311-cp311-manylinux_2_17_i686.manylinux2014_i686.whl", hash = "sha256:c332c8d69fb64979ebf76613c66b985414927a40f8defa16cf1bc028b7b0a7b0", size = 3080509, upload-time = "2023-10-03T12:46:37.44Z" },
    { url = "https://files.pythonhosted.org/packages/c2/05/81e8bc7fca95574c9323e487d9ce1b58a4cfcc17f89b8fe843af46361211/psycopg2_binary-2.9.9-cp311-cp311-manylinux_2_17_ppc64le.manylinux2014_ppc64le.whl", hash = "sha256:f7fc5a5acafb7d6ccca13bfa8c90f8c51f13d8fb87d95656d3950f0158d3ce53", size = 3264303, upload-time = "2023-10-03T12:46:40.73Z" },
    { url = "https://files.pythonhosted.org/packages/ce/85/62825cabc6aad53104b7b6d12eb2ad74737d268630032d07b74d4444cb72/psycopg2_binary-2.9.9-cp311-cp311-manylinux_2_17_x86_64.manylinux2014_x86_64.whl", hash = "sha256:977646e05232579d2e7b9c59e21dbe5261f403a88417f6a6512e70d3f8a046be", size = 3019515, upload-time = "2023-10-03T12:46:43.038Z" },
    { url = "https://files.pythonhosted.org/packages/e9/b0/9ca2b8e01a0912c9a14234fd5df7a241a1e44778c5797bf4b8eaa8dc3d3a/psycopg2_binary-2.9.9-cp311-cp311-musllinux_1_1_aarch64.whl", hash = "sha256:b6356793b84728d9d50ead16ab43c187673831e9d4019013f1402c41b1db9b27", size = 2355892, upload-time = "2023-10-03T12:46:45.632Z" },
    { url = "https://files.pythonhosted.org/packages/73/17/ba28bb0022db5e2015a82d2df1c4b0d419c37fa07a588b3aff3adc4939f6/psycopg2_binary-2.9.9-cp311-cp311-musllinux_1_1_i686.whl", hash = "sha256:bc7bb56d04601d443f24094e9e31ae6deec9ccb23581f75343feebaf30423359", size = 2534903, upload-time = "2023-10-03T12:46:47.934Z" },
    { url = "https://files.pythonhosted.org/packages/3b/92/b463556409cdc12791cd8b1dae0072bf8efe817ef68b7ea3d9cf7d0e5656/psycopg2_binary-2.9.9-cp311-cp311-musllinux_1_1_ppc64le.whl", hash = "sha256:77853062a2c45be16fd6b8d6de2a99278ee1d985a7bd8b103e97e41c034006d2", size = 2486597, upload-time = "2023-10-03T12:46:50.598Z" },
    { url = "https://files.pythonhosted.org/packages/92/57/96576e07132d7f7a1ac1df939575e6fdd8951aea337ee152b586bb51a971/psycopg2_binary-2.9.9-cp311-cp311-musllinux_1_1_x86_64.whl", hash = "sha256:78151aa3ec21dccd5cdef6c74c3e73386dcdfaf19bced944169697d7ac7482fc", size = 2454908, upload-time = "2023-10-03T12:46:52.903Z" },
    { url = "https://files.pythonhosted.org/packages/7c/ae/cedd56e1f4a2b0e37213283caf3733a875c4c76f3372241e19c0d2a87355/psycopg2_binary-2.9.9-cp311-cp311-win32.whl", hash = "sha256:dc4926288b2a3e9fd7b50dc6a1909a13bbdadfc67d93f3374d984e56f885579d", size = 1024240, upload-time = "2023-10-03T12:46:55.009Z" },
    { url = "https://files.pythonhosted.org/packages/25/1f/7ae31759142999a8d06b3e250c1346c4abcdcada8fa884376775dc1de686/psycopg2_binary-2.9.9-cp311-cp311-win_amd64.whl", hash = "sha256:b76bedd166805480ab069612119ea636f5ab8f8771e640ae103e05a4aae3e417", size = 1163655, upload-time = "2023-10-03T12:46:57.038Z" },
    { url = "https://files.pythonhosted.org/packages/a7/d0/5f2db14e7b53552276ab613399a83f83f85b173a862d3f20580bc7231139/psycopg2_binary-2.9.9-cp312-cp312-macosx_10_9_x86_64.whl", hash = "sha256:8532fd6e6e2dc57bcb3bc90b079c60de896d2128c5d9d6f24a63875a95a088cf", size = 2823784, upload-time = "2023-10-03T12:47:00.404Z" },
    { url = "https://files.pythonhosted.org/packages/18/ca/da384fd47233e300e3e485c90e7aab5d7def896d1281239f75901faf87d4/psycopg2_binary-2.9.9-cp312-cp312-macosx_11_0_arm64.whl", hash = "sha256:b0605eaed3eb239e87df0d5e3c6489daae3f7388d455d0c0b4df899519c6a38d", size = 2553308, upload-time = "2023-11-01T10:40:33.984Z" },
    { url = "https://files.pythonhosted.org/packages/50/66/fa53d2d3d92f6e1ef469d92afc6a4fe3f6e8a9a04b687aa28fb1f1d954ee/psycopg2_binary-2.9.9-cp312-cp312-manylinux_2_17_aarch64.manylinux2014_aarch64.whl", hash = "sha256:8f8544b092a29a6ddd72f3556a9fcf249ec412e10ad28be6a0c0d948924f2212", size = 2851283, upload-time = "2023-10-03T12:47:02.736Z" },
    { url = "https://files.pythonhosted.org/packages/04/37/2429360ac5547378202db14eec0dde76edbe1f6627df5a43c7e164922859/psycopg2_binary-2.9.9-cp312-cp312-manylinux_2_17_i686.manylinux2014_i686.whl", hash = "sha256:2d423c8d8a3c82d08fe8af900ad5b613ce3632a1249fd6a223941d0735fce493", size = 3081839, upload-time = "2023-10-03T12:47:05.027Z" },
    { url = "https://files.pythonhosted.org/packages/62/2a/c0530b59d7e0d09824bc2102ecdcec0456b8ca4d47c0caa82e86fce3ed4c/psycopg2_binary-2.9.9-cp312-cp312-manylinux_2_17_ppc64le.manylinux2014_ppc64le.whl", hash = "sha256:2e5afae772c00980525f6d6ecf7cbca55676296b580c0e6abb407f15f3706996", size = 3264488, upload-time = "2023-10-03T12:47:08.962Z" },
    { url = "https://files.pythonhosted.org/packages/19/57/9f172b900795ea37246c78b5f52e00f4779984370855b3e161600156906d/psycopg2_binary-2.9.9-cp312-cp312-manylinux_2_17_x86_64.manylinux2014_x86_64.whl", hash = "sha256:6e6f98446430fdf41bd36d4faa6cb409f5140c1c2cf58ce0bbdaf16af7d3f119", size = 3020700, upload-time = "2023-10-03T12:47:12.23Z" },
    { url = "https://files.pythonhosted.org/packages/94/68/1176fc14ea76861b7b8360be5176e87fb20d5091b137c76570eb4e237324/psycopg2_binary-2.9.9-cp312-cp312-musllinux_1_1_aarch64.whl", hash = "sha256:c77e3d1862452565875eb31bdb45ac62502feabbd53429fdc39a1cc341d681ba", size = 2355968, upload-time = "2023-10-03T12:47:14.817Z" },
    { url = "https://files.pythonhosted.org/packages/70/bb/aec2646a705a09079d008ce88073401cd61fc9b04f92af3eb282caa3a2ec/psycopg2_binary-2.9.9-cp312-cp312-musllinux_1_1_i686.whl", hash = "sha256:cb16c65dcb648d0a43a2521f2f0a2300f40639f6f8c1ecbc662141e4e3e1ee07", size = 2536101, upload-time = "2023-10-03T12:47:17.454Z" },
    { url = "https://files.pythonhosted.org/packages/14/33/12818c157e333cb9d9e6753d1b2463b6f60dbc1fade115f8e4dc5c52cac4/psycopg2_binary-2.9.9-cp312-cp312-musllinux_1_1_ppc64le.whl", hash = "sha256:911dda9c487075abd54e644ccdf5e5c16773470a6a5d3826fda76699410066fb", size = 2487064, upload-time = "2023-10-03T12:47:20.717Z" },
    { url = "https://files.pythonhosted.org/packages/56/a2/7851c68fe8768f3c9c246198b6356ee3e4a8a7f6820cc798443faada3400/psycopg2_binary-2.9.9-cp312-cp312-musllinux_1_1_x86_64.whl", hash = "sha256:57fede879f08d23c85140a360c6a77709113efd1c993923c59fde17aa27599fe", size = 2456257, upload-time = "2023-10-03T12:47:23.004Z" },
    { url = "https://files.pythonhosted.org/packages/6f/ee/3ba07c6dc7c3294e717e94720da1597aedc82a10b1b180203ce183d4631a/psycopg2_binary-2.9.9-cp312-cp312-win32.whl", hash = "sha256:64cf30263844fa208851ebb13b0732ce674d8ec6a0c86a4e160495d299ba3c93", size = 1024709, upload-time = "2023-10-28T09:37:24.991Z" },
    { url = "https://files.pythonhosted.org/packages/7b/08/9c66c269b0d417a0af9fb969535f0371b8c538633535a7a6a5ca3f9231e2/psycopg2_binary-2.9.9-cp312-cp312-win_amd64.whl", hash = "sha256:81ff62668af011f9a48787564ab7eded4e9fb17a4a6a74af5ffa6a457400d2ab", size = 1163864, upload-time = "2023-10-28T09:37:28.155Z" },
]

[[package]]
name = "pydantic"
version = "2.5.2"
source = { registry = "https://pypi.org/simple" }
dependencies = [
    { name = "annotated-types" },
    { name = "pydantic-core" },
    { name = "typing-extensions" },
]
sdist = { url = "https://files.pythonhosted.org/packages/b7/41/3c8108f79fb7da2d2b17f35744232af4ffcd9e764ebe1e3fd4b26669b325/pydantic-2.5.2.tar.gz", hash = "sha256:ff177ba64c6faf73d7afa2e8cad38fd456c0dbe01c9954e71038001cd15a6edd", size = 652158, upload-time = "2023-11-22T13:52:04.923Z" }
wheels = [
    { url = "https://files.pythonhosted.org/packages/0a/2b/64066de1c4cf3d4ed623beeb3bbf3f8d0cc26661f1e7d180ec5eb66b75a5/pydantic-2.5.2-py3-none-any.whl", hash = "sha256:80c50fb8e3dcecfddae1adbcc00ec5822918490c99ab31f6cf6140ca1c1429f0", size = 381874, upload-time = "2023-11-22T13:52:00.23Z" },
]

[[package]]
name = "pydantic-core"
version = "2.14.5"
source = { registry = "https://pypi.org/simple" }
dependencies = [
    { name = "typing-extensions" },
]
sdist = { url = "https://files.pythonhosted.org/packages/64/26/cffb93fe9c6b5a91c497f37fae14a4b073ecbc47fc36a9979c7aa888b245/pydantic_core-2.14.5.tar.gz", hash = "sha256:6d30226dfc816dd0fdf120cae611dd2215117e4f9b124af8c60ab9093b6e8e71", size = 360131, upload-time = "2023-11-22T13:06:43.091Z" }
wheels = [
    { url = "https://files.pythonhosted.org/packages/12/00/bd693e0bf24fa016c7194ac9ca671903b0938a5aa2603f7b5779070a15a0/pydantic_core-2.14.5-cp311-cp311-macosx_10_7_x86_64.whl", hash = "sha256:4e40f2bd0d57dac3feb3a3aed50f17d83436c9e6b09b16af271b6230a2915459", size = 1858563, upload-time = "2023-11-22T13:02:47.368Z" },
    { url = "https://files.pythonhosted.org/packages/ab/43/77d8f56eb332e84097f18fc294346d214e9f0d22fb9ec67ebed4b8e90e35/pydantic_core-2.14.5-cp311-cp311-macosx_11_0_arm64.whl", hash = "sha256:ab1cdb0f14dc161ebc268c09db04d2c9e6f70027f3b42446fa11c153521c0e88", size = 1735080, upload-time = "2023-11-22T13:02:50.034Z" },
    { url = "https://files.pythonhosted.org/packages/a4/09/90f5a03ab19e21601c6fec11fc9dea30e3228731e12b2f75f58d02430b85/pydantic_core-2.14.5-cp311-cp311-manylinux_2_17_aarch64.manylinux2014_aarch64.whl", hash = "sha256:aae7ea3a1c5bb40c93cad361b3e869b180ac174656120c42b9fadebf685d121b", size = 1826884, upload-time = "2023-11-22T13:02:52.116Z" },
    { url = "https://files.pythonhosted.org/packages/22/11/3f332887a888217e28b23c115c343ef89ccf5f49bbbd88d9317c707b00ac/pydantic_core-2.14.5-cp311-cp311-manylinux_2_17_armv7l.manylinux2014_armv7l.whl", hash = "sha256:60b7607753ba62cf0739177913b858140f11b8af72f22860c28eabb2f0a61937", size = 1851648, upload-time = "2023-11-22T13:02:54.873Z" },
    { url = "https://files.pythonhosted.org/packages/41/0a/1c0372929f3723587d66c188cbdd0c47d269447e0ac8f231f0db0f9bb03c/pydantic_core-2.14.5-cp311-cp311-manylinux_2_17_ppc64le.manylinux2014_ppc64le.whl", hash = "sha256:2248485b0322c75aee7565d95ad0e16f1c67403a470d02f94da7344184be770f", size = 2003694, upload-time = "2023-11-22T13:02:57.367Z" },
    { url = "https://files.pythonhosted.org/packages/63/e6/8887679b7f923290db2638bf80733c609aaefaae29b9fe99b83f800c1910/pydantic_core-2.14.5-cp311-cp311-manylinux_2_17_s390x.manylinux2014_s390x.whl", hash = "sha256:823fcc638f67035137a5cd3f1584a4542d35a951c3cc68c6ead1df7dac825c26", size = 2984596, upload-time = "2023-11-22T13:02:59.962Z" },
    { url = "https://files.pythonhosted.org/packages/bf/ed/ee221482b51f368884ea6453f3784eeaeb17f5b737589d39d68a89bffde7/pydantic_core-2.14.5-cp311-cp311-manylinux_2_17_x86_64.manylinux2014_x86_64.whl", hash = "sha256:96581cfefa9123accc465a5fd0cc833ac4d75d55cc30b633b402e00e7ced00a6", size = 2068579, upload-time = "2023-11-22T13:03:02.174Z" },
    { url = "https://files.pythonhosted.org/packages/75/cf/2f6e6410ae735c11df32c391948a6c601a22f40f414b5dfc24f2def8c064/pydantic_core-2.14.5-cp311-cp311-manylinux_2_5_i686.manylinux1_i686.whl", hash = "sha256:a33324437018bf6ba1bb0f921788788641439e0ed654b233285b9c69704c27b4", size = 1913142, upload-time = "2023-11-22T13:03:04.489Z" },
    { url = "https://files.pythonhosted.org/packages/28/81/f5452ccf3b15aa280188fbf2b6ab39ed700623df4fcc28675f19eee9634a/pydantic_core-2.14.5-cp311-cp311-musllinux_1_1_aarch64.whl", hash = "sha256:9bd18fee0923ca10f9a3ff67d4851c9d3e22b7bc63d1eddc12f439f436f2aada", size = 2007100, upload-time = "2023-11-22T13:03:06.583Z" },
    { url = "https://files.pythonhosted.org/packages/af/ab/79c2126e5504a3f0ecc0b1d97768594f9baa090134b0053309a2d938efaa/pydantic_core-2.14.5-cp311-cp311-musllinux_1_1_x86_64.whl", hash = "sha256:853a2295c00f1d4429db4c0fb9475958543ee80cfd310814b5c0ef502de24dda", size = 2134232, upload-time = "2023-11-22T13:03:08.95Z" },
    { url = "https://files.pythonhosted.org/packages/2f/eb/4b07b31c4a728b02cae14cc2a447ebd460dfdf7076fe56a074ff7e27be4f/pydantic_core-2.14.5-cp311-none-win32.whl", hash = "sha256:cb774298da62aea5c80a89bd58c40205ab4c2abf4834453b5de207d59d2e1651", size = 1730376, upload-time = "2023-11-22T13:03:10.921Z" },
    { url = "https://files.pythonhosted.org/packages/04/a1/36cea283ded0641e8c374cdcacfdab035c102467ac5ec721b7527c8ac1cf/pydantic_core-2.14.5-cp311-none-win_amd64.whl", hash = "sha256:e87fc540c6cac7f29ede02e0f989d4233f88ad439c5cdee56f693cc9c1c78077", size = 1886861, upload-time = "2023-11-22T13:03:13.096Z" },
    { url = "https://files.pythonhosted.org/packages/e6/7c/af522a1bce278dda0f0fdc9e64a081af51cbfedeafe44cbb6a4cc8617dad/pydantic_core-2.14.5-cp311-none-win_arm64.whl", hash = "sha256:57d52fa717ff445cb0a5ab5237db502e6be50809b43a596fb569630c665abddf", size = 1848339, upload-time = "2023-11-22T13:03:15.174Z" },
    { url = "https://files.pythonhosted.org/packages/3a/dd/fc81e3ea962a356a705fa06965a7dbc0b204da014f238df95f1cd276bfab/pydantic_core-2.14.5-cp312-cp312-macosx_10_7_x86_64.whl", hash = "sha256:e60f112ac88db9261ad3a52032ea46388378034f3279c643499edb982536a093", size = 1851038, upload-time = "2023-11-22T13:03:17.358Z" },
    { url = "https://files.pythonhosted.org/packages/eb/45/5eef8d36c2bf4c63e73e598fe523a0bc15069a97994481e27bef933ff423/pydantic_core-2.14.5-cp312-cp312-macosx_11_0_arm64.whl", hash = "sha256:6e227c40c02fd873c2a73a98c1280c10315cbebe26734c196ef4514776120aeb", size = 1713179, upload-time = "2023-11-22T13:03:19.575Z" },
    { url = "https://files.pythonhosted.org/packages/9e/f3/9e3d334976b5051cd18e3feef06516ead3230efb8b9af8514bc52b2795b1/pydantic_core-2.14.5-cp312-cp312-manylinux_2_17_aarch64.manylinux2014_aarch64.whl", hash = "sha256:f0cbc7fff06a90bbd875cc201f94ef0ee3929dfbd5c55a06674b60857b8b85ed", size = 1823940, upload-time = "2023-11-22T13:03:21.772Z" },
    { url = "https://files.pythonhosted.org/packages/89/5c/e0584d534863639757e05479a3c1172550e3d3dab0c39b79e41692d1804d/pydantic_core-2.14.5-cp312-cp312-manylinux_2_17_armv7l.manylinux2014_armv7l.whl", hash = "sha256:103ef8d5b58596a731b690112819501ba1db7a36f4ee99f7892c40da02c3e189", size = 1834525, upload-time = "2023-11-22T13:03:23.727Z" },
    { url = "https://files.pythonhosted.org/packages/9c/52/2fc8b7e07f360993bc3d5f9ea743aac9f59287002035887c7d4f45bc6fb6/pydantic_core-2.14.5-cp312-cp312-manylinux_2_17_ppc64le.manylinux2014_ppc64le.whl", hash = "sha256:c949f04ecad823f81b1ba94e7d189d9dfb81edbb94ed3f8acfce41e682e48cef", size = 1994576, upload-time = "2023-11-22T13:03:26.057Z" },
    { url = "https://files.pythonhosted.org/packages/7e/ff/72d57544a70f4f37a06c40cfe1c4a038bc21db308e916a277faa1854a1d8/pydantic_core-2.14.5-cp312-cp312-manylinux_2_17_s390x.manylinux2014_s390x.whl", hash = "sha256:c1452a1acdf914d194159439eb21e56b89aa903f2e1c65c60b9d874f9b950e5d", size = 3039433, upload-time = "2023-11-22T13:03:28.023Z" },
    { url = "https://files.pythonhosted.org/packages/8f/af/b202d44845f89e9c997f2f351be35a76ff78304eb926b1bdb33929de40db/pydantic_core-2.14.5-cp312-cp312-manylinux_2_17_x86_64.manylinux2014_x86_64.whl", hash = "sha256:cb4679d4c2b089e5ef89756bc73e1926745e995d76e11925e3e96a76d5fa51fc", size = 2063479, upload-time = "2023-11-22T13:03:30.83Z" },
    { url = "https://files.pythonhosted.org/packages/cb/96/27421976cde52555eb20636d59743621d4fa3bba278a0e4dbb4751e3f5c1/pydantic_core-2.14.5-cp312-cp312-manylinux_2_5_i686.manylinux1_i686.whl", hash = "sha256:cf9d3fe53b1ee360e2421be95e62ca9b3296bf3f2fb2d3b83ca49ad3f925835e", size = 1919434, upload-time = "2023-11-22T13:03:32.827Z" },
    { url = "https://files.pythonhosted.org/packages/90/6f/52cb83061430628878c34fdb199ccc8313a104f1390d99bff4a29b2ff6fe/pydantic_core-2.14.5-cp312-cp312-musllinux_1_1_aarch64.whl", hash = "sha256:70f4b4851dbb500129681d04cc955be2a90b2248d69273a787dda120d5cf1f69", size = 2004054, upload-time = "2023-11-22T13:03:35.273Z" },
    { url = "https://files.pythonhosted.org/packages/10/89/bbb9bb3bd59b1cb36a87c2f6b6e3b2858fdb6ac438539f67a6c93a91ba5e/pydantic_core-2.14.5-cp312-cp312-musllinux_1_1_x86_64.whl", hash = "sha256:59986de5710ad9613ff61dd9b02bdd2f615f1a7052304b79cc8fa2eb4e336d2d", size = 2126498, upload-time = "2023-11-22T13:03:37.237Z" },
    { url = "https://files.pythonhosted.org/packages/8c/80/b7678c547b947cec35c136d88baf315fa6837500d9f8ce7353347f50a521/pydantic_core-2.14.5-cp312-none-win32.whl", hash = "sha256:699156034181e2ce106c89ddb4b6504c30db8caa86e0c30de47b3e0654543260", size = 1741746, upload-time = "2023-11-22T13:03:39.553Z" },
    { url = "https://files.pythonhosted.org/packages/60/5a/3161e1a1c138407cd2037b12ecdbe29f4890ccda1c0a0be69438c7d0065d/pydantic_core-2.14.5-cp312-none-win_amd64.whl", hash = "sha256:5baab5455c7a538ac7e8bf1feec4278a66436197592a9bed538160a2e7d11e36", size = 1874829, upload-time = "2023-11-22T13:03:42.438Z" },
    { url = "https://files.pythonhosted.org/packages/cf/b7/9bacf7f9439f785b2fe6d8199e28ad75ad25406f97f33c0186274a48a36d/pydantic_core-2.14.5-cp312-none-win_arm64.whl", hash = "sha256:e47e9a08bcc04d20975b6434cc50bf82665fbc751bcce739d04a3120428f3e27", size = 1844793, upload-time = "2023-11-22T13:03:44.466Z" },
]

[[package]]
name = "pygments"
version = "2.17.2"
source = { registry = "https://pypi.org/simple" }
sdist = { url = "https://files.pythonhosted.org/packages/55/59/8bccf4157baf25e4aa5a0bb7fa3ba8600907de105ebc22b0c78cfbf6f565/pygments-2.17.2.tar.gz", hash = "sha256:da46cec9fd2de5be3a8a784f434e4c4ab670b4ff54d605c4c2717e9d49c4c367", size = 4827772, upload-time = "2023-11-21T20:43:53.875Z" }
wheels = [
    { url = "https://files.pythonhosted.org/packages/97/9c/372fef8377a6e340b1704768d20daaded98bf13282b5327beb2e2fe2c7ef/pygments-2.17.2-py3-none-any.whl", hash = "sha256:b27c2826c47d0f3219f29554824c30c5e8945175d888647acd804ddd04af846c", size = 1179756, upload-time = "2023-11-21T20:43:49.423Z" },
]

[[package]]
name = "python-dateutil"
version = "2.8.2"
source = { registry = "https://pypi.org/simple" }
dependencies = [
    { name = "six" },
]
sdist = { url = "https://files.pythonhosted.org/packages/4c/c4/13b4776ea2d76c115c1d1b84579f3764ee6d57204f6be27119f13a61d0a9/python-dateutil-2.8.2.tar.gz", hash = "sha256:0123cacc1627ae19ddf3c27a5de5bd67ee4586fbdd6440d9748f8abb483d3e86", size = 357324, upload-time = "2021-07-14T08:19:19.783Z" }
wheels = [
    { url = "https://files.pythonhosted.org/packages/36/7a/87837f39d0296e723bb9b62bbb257d0355c7f6128853c78955f57342a56d/python_dateutil-2.8.2-py2.py3-none-any.whl", hash = "sha256:961d03dc3453ebbc59dbdea9e4e11c5651520a876d0f4db161e8674aae935da9", size = 247702, upload-time = "2021-07-14T08:19:18.161Z" },
]

[[package]]
name = "python-dotenv"
version = "1.0.0"
source = { registry = "https://pypi.org/simple" }
sdist = { url = "https://files.pythonhosted.org/packages/31/06/1ef763af20d0572c032fa22882cfbfb005fba6e7300715a37840858c919e/python-dotenv-1.0.0.tar.gz", hash = "sha256:a8df96034aae6d2d50a4ebe8216326c61c3eb64836776504fcca410e5937a3ba", size = 37399, upload-time = "2023-02-24T06:46:37.282Z" }
wheels = [
    { url = "https://files.pythonhosted.org/packages/44/2f/62ea1c8b593f4e093cc1a7768f0d46112107e790c3e478532329e434f00b/python_dotenv-1.0.0-py3-none-any.whl", hash = "sha256:f5971a9226b701070a4bf2c38c89e5a3f0d64de8debda981d1db98583009122a", size = 19482, upload-time = "2023-02-24T06:46:36.009Z" },
]

[[package]]
name = "rich"
version = "13.7.0"
source = { registry = "https://pypi.org/simple" }
dependencies = [
    { name = "markdown-it-py" },
    { name = "pygments" },
]
sdist = { url = "https://files.pythonhosted.org/packages/a7/ec/4a7d80728bd429f7c0d4d51245287158a1516315cadbb146012439403a9d/rich-13.7.0.tar.gz", hash = "sha256:5cb5123b5cf9ee70584244246816e9114227e0b98ad9176eede6ad54bf5403fa", size = 221168, upload-time = "2023-11-15T16:32:14.59Z" }
wheels = [
    { url = "https://files.pythonhosted.org/packages/be/be/1520178fa01eabe014b16e72a952b9f900631142ccd03dc36cf93e30c1ce/rich-13.7.0-py3-none-any.whl", hash = "sha256:6da14c108c4866ee9520bbffa71f6fe3962e193b7da68720583850cd4548e235", size = 240632, upload-time = "2023-11-15T16:32:11.457Z" },
]

[[package]]
name = "ruff"
version = "0.1.7"
source = { registry = "https://pypi.org/simple" }
sdist = { url = "https://files.pythonhosted.org/packages/22/e8/3166c7f559e2c2449af4af5203f5ce4a5d886c576152f4dfbda02430c9f1/ruff-0.1.7.tar.gz", hash = "sha256:dffd699d07abf54833e5f6cc50b85a6ff043715da8788c4a79bcd4ab4734d306", size = 1842985, upload-time = "2023-12-04T21:54:48.114Z" }
wheels = [
    { url = "https://files.pythonhosted.org/packages/ea/34/fa53ed50bd20797b8aa27dcf0a52548b629fd0c65008d334ab2fae9bdce8/ruff-0.1.7-py3-none-macosx_10_12_x86_64.macosx_11_0_arm64.macosx_10_12_universal2.whl", hash = "sha256:7f80496854fdc65b6659c271d2c26e90d4d401e6a4a31908e7e334fab4645aac", size = 11761048, upload-time = "2023-12-04T21:53:47.32Z" },
    { url = "https://files.pythonhosted.org/packages/a6/54/a3f6d5f94aaaaf049ddcaf346bd2c1ed1598c54ddcc938c7eb8863a0ce91/ruff-0.1.7-py3-none-macosx_10_12_x86_64.whl", hash = "sha256:1ea109bdb23c2a4413f397ebd8ac32cb498bee234d4191ae1a310af760e5d287", size = 6054318, upload-time = "2023-12-04T21:53:53.335Z" },
    { url = "https://files.pythonhosted.org/packages/a8/b2/110973f5409a3a044cb0f9fe9a452a44c8e6be5e9576bbbefd4ce8e8c197/ruff-0.1.7-py3-none-manylinux_2_17_aarch64.manylinux2014_aarch64.whl", hash = "sha256:8b0c2de9dd9daf5e07624c24add25c3a490dbf74b0e9bca4145c632457b3b42a", size = 6000535, upload-time = "2023-12-04T21:53:57.201Z" },
    { url = "https://files.pythonhosted.org/packages/b6/a3/e740355f220ea0dd4c24449b94063a4018f62290841cf8f589e945cf274b/ruff-0.1.7-py3-none-manylinux_2_17_armv7l.manylinux2014_armv7l.whl", hash = "sha256:69a4bed13bc1d5dabf3902522b5a2aadfebe28226c6269694283c3b0cecb45fd", size = 5689144, upload-time = "2023-12-04T21:54:02.48Z" },
    { url = "https://files.pythonhosted.org/packages/c9/f1/9d3f2aee19293496a72a772e62f66a8828294af0b9164a3ec6f34d1104b8/ruff-0.1.7-py3-none-manylinux_2_17_i686.manylinux2014_i686.whl", hash = "sha256:de02ca331f2143195a712983a57137c5ec0f10acc4aa81f7c1f86519e52b92a1", size = 6150987, upload-time = "2023-12-04T21:54:06.971Z" },
    { url = "https://files.pythonhosted.org/packages/78/a4/e53ab7643eccff6ef842a4865a652e8c403a052c9a2f756f7d436839318d/ruff-0.1.7-py3-none-manylinux_2_17_ppc64.manylinux2014_ppc64.whl", hash = "sha256:45b38c3f8788a65e6a2cab02e0f7adfa88872696839d9882c13b7e2f35d64c5f", size = 6829095, upload-time = "2023-12-04T21:54:10.425Z" },
    { url = "https://files.pythonhosted.org/packages/73/c4/f20c811eb11869b39c14f4b03cf3da64092491788b9565f71ea2fa2170c9/ruff-0.1.7-py3-none-manylinux_2_17_ppc64le.manylinux2014_ppc64le.whl", hash = "sha256:6c64cb67b2025b1ac6d58e5ffca8f7b3f7fd921f35e78198411237e4f0db8e73", size = 6688056, upload-time = "2023-12-04T21:54:13.924Z" },
    { url = "https://files.pythonhosted.org/packages/7c/4f/c1aee31c7ac44ce8b90650e37576b5146f8b61b2c6a4601b42dd5c6c7332/ruff-0.1.7-py3-none-manylinux_2_17_s390x.manylinux2014_s390x.whl", hash = "sha256:9dcc6bb2f4df59cb5b4b40ff14be7d57012179d69c6565c1da0d1f013d29951b", size = 7816655, upload-time = "2023-12-04T21:54:16.861Z" },
    { url = "https://files.pythonhosted.org/packages/41/7f/df4c0887ec638b4b18a9cfada73db3cb6653742b49432e08d55d417c41b3/ruff-0.1.7-py3-none-manylinux_2_17_x86_64.manylinux2014_x86_64.whl", hash = "sha256:df2bb4bb6bbe921f6b4f5b6fdd8d8468c940731cb9406f274ae8c5ed7a78c478", size = 6358832, upload-time = "2023-12-04T21:54:20.347Z" },
    { url = "https://files.pythonhosted.org/packages/67/8c/7c0a228b661ef4fd91dcea97fdbd75d3f3e5aca16c3697e31daaa51cf051/ruff-0.1.7-py3-none-musllinux_1_2_aarch64.whl", hash = "sha256:276a89bcb149b3d8c1b11d91aa81898fe698900ed553a08129b38d9d6570e717", size = 5949976, upload-time = "2023-12-04T21:54:23.756Z" },
    { url = "https://files.pythonhosted.org/packages/dd/9e/b5e88e6a9622e48f36ae9bf9d5d39c5ab4cffc7a98491d2e6ee2ec51a39a/ruff-0.1.7-py3-none-musllinux_1_2_armv7l.whl", hash = "sha256:90c958fe950735041f1c80d21b42184f1072cc3975d05e736e8d66fc377119ea", size = 5690159, upload-time = "2023-12-04T21:54:26.697Z" },
    { url = "https://files.pythonhosted.org/packages/97/17/e04b89505180e4190ef5f5438ec14209736d65f80dd90ddef403f2c11643/ruff-0.1.7-py3-none-musllinux_1_2_i686.whl", hash = "sha256:6b05e3b123f93bb4146a761b7a7d57af8cb7384ccb2502d29d736eaade0db519", size = 6032203, upload-time = "2023-12-04T21:54:29.469Z" },
    { url = "https://files.pythonhosted.org/packages/8a/47/a259b32ad202c9d90edf1134804a860b1d0ba72715aaa8eb19d19a370ff6/ruff-0.1.7-py3-none-musllinux_1_2_x86_64.whl", hash = "sha256:290ecab680dce94affebefe0bbca2322a6277e83d4f29234627e0f8f6b4fa9ce", size = 6419631, upload-time = "2023-12-04T21:54:33.445Z" },
    { url = "https://files.pythonhosted.org/packages/ad/ef/33c8c31f09c7ee1027d0aeba48eaaf35d3b8c307e6650dbc0ff990e7ca9a/ruff-0.1.7-py3-none-win32.whl", hash = "sha256:416dfd0bd45d1a2baa3b1b07b1b9758e7d993c256d3e51dc6e03a5e7901c7d80", size = 5902118, upload-time = "2023-12-04T21:54:36.42Z" },
    { url = "https://files.pythonhosted.org/packages/02/18/554a06e27125849118a33014fc658a1d689bc149940ed07e36f123aa2fed/ruff-0.1.7-py3-none-win_amd64.whl", hash = "sha256:4af95fd1d3b001fc41325064336db36e3d27d2004cdb6d21fd617d45a172dd96", size = 6289114, upload-time = "2023-12-04T21:54:40.037Z" },
    { url = "https://files.pythonhosted.org/packages/40/40/e5afee4d3f197a1f5da5c971092ef50439972bbc15599abf47150cf947b4/ruff-0.1.7-py3-none-win_arm64.whl", hash = "sha256:0683b7bfbb95e6df3c7c04fe9d78f631f8e8ba4868dfc932d43d690698057e2e", size = 6035594, upload-time = "2023-12-04T21:54:43.622Z" },
]

[[package]]
name = "six"
version = "1.16.0"
source = { registry = "https://pypi.org/simple" }
sdist = { url = "https://files.pythonhosted.org/packages/71/39/171f1c67cd00715f190ba0b100d606d440a28c93c7714febeca8b79af85e/six-1.16.0.tar.gz", hash = "sha256:1e61c37477a1626458e36f7b1d82aa5c9b094fa4802892072e49de9c60c4c926", size = 34041, upload-time = "2021-05-05T14:18:18.379Z" }
wheels = [
    { url = "https://files.pythonhosted.org/packages/d9/5a/e7c31adbe875f2abbb91bd84cf2dc52d792b5a01506781dbcf25c91daf11/six-1.16.0-py2.py3-none-any.whl", hash = "sha256:8abb2f1d86890a2dfb989f9a77cfcfd3e47c2a354b01111771326f8aa26e0254", size = 11053, upload-time = "2021-05-05T14:18:17.237Z" },
]

[[package]]
name = "sqlalchemy"
version = "2.0.23"
source = { registry = "https://pypi.org/simple" }
dependencies = [
    { name = "greenlet", marker = "platform_machine == 'AMD64' or platform_machine == 'WIN32' or platform_machine == 'aarch64' or platform_machine == 'amd64' or platform_machine == 'ppc64le' or platform_machine == 'win32' or platform_machine == 'x86_64'" },
    { name = "typing-extensions" },
]
sdist = { url = "https://files.pythonhosted.org/packages/ee/46/a3196db7ffd2609c7935798730e21bed8806d9bf4401921587dac4be0747/SQLAlchemy-2.0.23.tar.gz", hash = "sha256:c1bda93cbbe4aa2aa0aa8655c5aeda505cd219ff3e8da91d1d329e143e4aff69", size = 9474103, upload-time = "2023-11-02T14:52:02.134Z" }
wheels = [
    { url = "https://files.pythonhosted.org/packages/be/67/7c054e93e1cca2d04ed69548ebf21134ace9c74efd008f936aa371a001be/SQLAlchemy-2.0.23-cp311-cp311-macosx_10_9_x86_64.whl", hash = "sha256:d5578e6863eeb998980c212a39106ea139bdc0b3f73291b96e27c929c90cd8e1", size = 2064616, upload-time = "2023-11-02T15:16:18.124Z" },
    { url = "https://files.pythonhosted.org/packages/c7/55/d1d2ad054fb7e9188681d56df40ed81c2c198314a805b180b0ec99019da1/SQLAlchemy-2.0.23-cp311-cp311-macosx_11_0_arm64.whl", hash = "sha256:62d9e964870ea5ade4bc870ac4004c456efe75fb50404c03c5fd61f8bc669a72", size = 2055920, upload-time = "2023-11-02T15:16:23.831Z" },
    { url = "https://files.pythonhosted.org/packages/17/60/8cfa64fe57a8e9a5cca61027519e7fb44b0e9124a9cb0509708f30d38cc1/SQLAlchemy-2.0.23-cp311-cp311-manylinux_2_17_aarch64.manylinux2014_aarch64.whl", hash = "sha256:c80c38bd2ea35b97cbf7c21aeb129dcbebbf344ee01a7141016ab7b851464f8e", size = 3172630, upload-time = "2023-11-02T16:52:10.793Z" },
    { url = "https://files.pythonhosted.org/packages/90/00/f588b08bb2ce214df96e7a045ddf9ffafab6bfac75e6c75f0a50fb9f8d2a/SQLAlchemy-2.0.23-cp311-cp311-manylinux_2_17_x86_64.manylinux2014_x86_64.whl", hash = "sha256:75eefe09e98043cff2fb8af9796e20747ae870c903dc61d41b0c2e55128f958d", size = 3172623, upload-time = "2023-11-02T15:30:49.309Z" },
    { url = "https://files.pythonhosted.org/packages/5c/b2/4914a76c35952d899dc5f4385c55fab15b718e9aff68c8104a8d193c23bd/SQLAlchemy-2.0.23-cp311-cp311-musllinux_1_1_aarch64.whl", hash = "sha256:bd45a5b6c68357578263d74daab6ff9439517f87da63442d244f9f23df56138d", size = 3178817, upload-time = "2023-11-02T16:52:15.443Z" },
    { url = "https://files.pythonhosted.org/packages/90/63/981fb1f20f1705e0bd31153a68d0fdf59a3ae6e41baa8b410a9f0d5aa901/SQLAlchemy-2.0.23-cp311-cp311-musllinux_1_1_x86_64.whl", hash = "sha256:a86cb7063e2c9fb8e774f77fbf8475516d270a3e989da55fa05d08089d77f8c4", size = 3172928, upload-time = "2023-11-02T15:30:54.367Z" },
    { url = "https://files.pythonhosted.org/packages/d0/35/baf485da71f15b37d8d8e926d471490ed7b9c0ce1bd82da58f7d46509107/SQLAlchemy-2.0.23-cp311-cp311-win32.whl", hash = "sha256:b41f5d65b54cdf4934ecede2f41b9c60c9f785620416e8e6c48349ab18643855", size = 2033264, upload-time = "2023-11-02T15:20:36.614Z" },
    { url = "https://files.pythonhosted.org/packages/67/e7/7c77fd5290646f929b499992607cf1bc940573098a593080fcc8f7e13a08/SQLAlchemy-2.0.23-cp311-cp311-win_amd64.whl", hash = "sha256:9ca922f305d67605668e93991aaf2c12239c78207bca3b891cd51a4515c72e22", size = 2059355, upload-time = "2023-11-02T15:20:38.957Z" },
    { url = "https://files.pythonhosted.org/packages/2f/4e/cbbb63dc6eb55138311a949ab4221e69a0aff8d95bf294fd948727392a14/SQLAlchemy-2.0.23-cp312-cp312-macosx_10_9_x86_64.whl", hash = "sha256:d0f7fb0c7527c41fa6fcae2be537ac137f636a41b4c5a4c58914541e2f436b45", size = 2062508, upload-time = "2023-11-02T15:16:26.635Z" },
    { url = "https://files.pythonhosted.org/packages/5c/e4/f2b196d8779c09c32337ff1e17d6edd57547fe674413b3a82e42a370a65c/SQLAlchemy-2.0.23-cp312-cp312-macosx_11_0_arm64.whl", hash = "sha256:7c424983ab447dab126c39d3ce3be5bee95700783204a72549c3dceffe0fc8f4", size = 2055202, upload-time = "2023-11-02T15:16:29.395Z" },
    { url = "https://files.pythonhosted.org/packages/12/61/ee1619cea002a94e954c353c2e93a4da85cb1106a24a7c66d5794301e84e/SQLAlchemy-2.0.23-cp312-cp312-manylinux_2_17_aarch64.manylinux2014_aarch64.whl", hash = "sha256:f508ba8f89e0a5ecdfd3761f82dda2a3d7b678a626967608f4273e0dba8f07ac", size = 3207052, upload-time = "2023-11-02T16:52:18.86Z" },
    { url = "https://files.pythonhosted.org/packages/9c/af/c61d98f6c21f35b13f22259e38b47669afe960a348e2c01ce262f183dcbe/SQLAlchemy-2.0.23-cp312-cp312-manylinux_2_17_x86_64.manylinux2014_x86_64.whl", hash = "sha256:6463aa765cf02b9247e38b35853923edbf2f6fd1963df88706bc1d02410a5577", size = 3218600, upload-time = "2023-11-02T15:30:56.632Z" },
    { url = "https://files.pythonhosted.org/packages/36/70/202467dc568aa211d234acedab908ca4e09dfbb6b8eedc91217c2e9208ac/SQLAlchemy-2.0.23-cp312-cp312-musllinux_1_1_aarch64.whl", hash = "sha256:e599a51acf3cc4d31d1a0cf248d8f8d863b6386d2b6782c5074427ebb7803bda", size = 3211710, upload-time = "2023-11-02T16:52:22.593Z" },
    { url = "https://files.pythonhosted.org/packages/b7/a8/4495f521f8ac6bde513436867755788c9efe632cb2a2e9d5add880e889bb/SQLAlchemy-2.0.23-cp312-cp312-musllinux_1_1_x86_64.whl", hash = "sha256:fd54601ef9cc455a0c61e5245f690c8a3ad67ddb03d3b91c361d076def0b4c60", size = 3218047, upload-time = "2023-11-02T15:31:01.195Z" },
    { url = "https://files.pythonhosted.org/packages/4d/e0/d9551da0fc8c01c5a8342b7b30a7552329abf7a2a4a60411dd004e4b4501/SQLAlchemy-2.0.23-cp312-cp312-win32.whl", hash = "sha256:42d0b0290a8fb0165ea2c2781ae66e95cca6e27a2fbe1016ff8db3112ac1e846", size = 2031812, upload-time = "2023-11-02T15:20:41.889Z" },
    { url = "https://files.pythonhosted.org/packages/d3/8a/321205f6ab88307618650f916f7c04f51864cd716c9583a25230ace70dc3/SQLAlchemy-2.0.23-cp312-cp312-win_amd64.whl", hash = "sha256:227135ef1e48165f37590b8bfc44ed7ff4c074bf04dc8d6f8e7f1c14a94aa6ca", size = 2057952, upload-time = "2023-11-02T15:20:44.653Z" },
    { url = "https://files.pythonhosted.org/packages/a9/a3/9afc2bf14c5892640c15d050bd9c9bfefead29cb041560734dff13bf0890/SQLAlchemy-2.0.23-py3-none-any.whl", hash = "sha256:31952bbc527d633b9479f5f81e8b9dfada00b91d6baba021a869095f1a97006d", size = 1854703, upload-time = "2023-11-02T15:32:06.218Z" },
]

[[package]]
name = "typer"
version = "0.9.0"
source = { registry = "https://pypi.org/simple" }
dependencies = [
    { name = "click" },
    { name = "typing-extensions" },
]
sdist = { url = "https://files.pythonhosted.org/packages/5b/49/39f10d0f75886439ab3dac889f14f8ad511982a754e382c9b6ca895b29e9/typer-0.9.0.tar.gz", hash = "sha256:50922fd79aea2f4751a8e0408ff10d2662bd0c8bbfa84755a699f3bada2978b2", size = 273985, upload-time = "2023-05-02T05:20:57.63Z" }
wheels = [
    { url = "https://files.pythonhosted.org/packages/bf/0e/c68adf10adda05f28a6ed7b9f4cd7b8e07f641b44af88ba72d9c89e4de7a/typer-0.9.0-py3-none-any.whl", hash = "sha256:5d96d986a21493606a358cae4461bd8cdf83cbf33a5aa950ae629ca3b51467ee", size = 45861, upload-time = "2023-05-02T05:20:55.675Z" },
]

[[package]]
name = "typing-extensions"
version = "4.8.0"
source = { registry = "https://pypi.org/simple" }
sdist = { url = "https://files.pythonhosted.org/packages/1f/7a/8b94bb016069caa12fc9f587b28080ac33b4fbb8ca369b98bc0a4828543e/typing_extensions-4.8.0.tar.gz", hash = "sha256:df8e4339e9cb77357558cbdbceca33c303714cf861d1eef15e1070055ae8b7ef", size = 71456, upload-time = "2023-09-18T04:01:56.846Z" }
wheels = [
    { url = "https://files.pythonhosted.org/packages/24/21/7d397a4b7934ff4028987914ac1044d3b7d52712f30e2ac7a2ae5bc86dd0/typing_extensions-4.8.0-py3-none-any.whl", hash = "sha256:8f92fc8806f9a6b641eaa5318da32b44d401efaac0f6678c9bc448ba3605faa0", size = 31584, upload-time = "2023-09-18T04:01:55.398Z" },
]

[[package]]
name = "urllib3"
version = "2.6.3"
source = { registry = "https://pypi.org/simple" }
sdist = { url = "https://files.pythonhosted.org/packages/c7/24/5f1b3bdffd70275f6661c76461e25f024d5a38a46f04aaca912426a2b1d3/urllib3-2.6.3.tar.gz", hash = "sha256:1b62b6884944a57dbe321509ab94fd4d3b307075e0c2eae991ac71ee15ad38ed", size = 435556, upload-time = "2026-01-07T16:24:43.925Z" }
wheels = [
    { url = "https://files.pythonhosted.org/packages/39/08/aaaad47bc4e9dc8c725e68f9d04865dbcb2052843ff09c97b08904852d84/urllib3-2.6.3-py3-none-any.whl", hash = "sha256:bf272323e553dfb2e87d9bfd225ca7b0f467b919d7bbd355436d3fd37cb0acd4", size = 131584, upload-time = "2026-01-07T16:24:42.685Z" },
]
